
Microsoft Visual Studio Solution File, Format Version 12.00
# Visual Studio Version 16
VisualStudioVersion = 16.0.30114.105
MinimumVisualStudioVersion = 10.0.40219.1
Project("{FAE04EC0-301F-11D3-BF4B-00C04F79EFBC}") = "RelevantSearch", "RelevantSearch\RelevantSearch.csproj", "{9CF46B25-9B7C-4CFF-862E-86E7FEA67D71}"
EndProject
Project("{FAE04EC0-301F-11D3-BF4B-00C04F79EFBC}") = "HashTable", "HashTable\HashTable.csproj", "{26946FFC-12C0-4E93-9CF2-6CE395F9D4EC}"
EndProject
Global
	GlobalSection(SolutionConfigurationPlatforms) = preSolution
		Debug|Any CPU = Debug|Any CPU
		Release|Any CPU = Release|Any CPU
	EndGlobalSection
	GlobalSection(SolutionProperties) = preSolution
		HideSolutionNode = FALSE
	EndGlobalSection
	GlobalSection(ProjectConfigurationPlatforms) = postSolution
		{9CF46B25-9B7C-4CFF-862E-86E7FEA67D71}.Debug|Any CPU.ActiveCfg = Debug|Any CPU
		{9CF46B25-9B7C-4CFF-862E-86E7FEA67D71}.Debug|Any CPU.Build.0 = Debug|Any CPU
		{9CF46B25-9B7C-4CFF-862E-86E7FEA67D71}.Release|Any CPU.ActiveCfg = Release|Any CPU
		{9CF46B25-9B7C-4CFF-862E-86E7FEA67D71}.Release|Any CPU.Build.0 = Release|Any CPU
		{26946FFC-12C0-4E93-9CF2-6CE395F9D4EC}.Debug|Any CPU.ActiveCfg = Debug|Any CPU
		{26946FFC-12C0-4E93-9CF2-6CE395F9D4EC}.Debug|Any CPU.Build.0 = Debug|Any CPU
		{26946FFC-12C0-4E93-9CF2-6CE395F9D4EC}.Release|Any CPU.ActiveCfg = Release|Any CPU
		{26946FFC-12C0-4E93-9CF2-6CE395F9D4EC}.Release|Any CPU.Build.0 = Release|Any CPU
	EndGlobalSection
EndGlobal
